
Microsoft Visual Studio Solution File, Format Version 12.00
# Visual Studio 15
VisualStudioVersion = 15.0.26730.16
MinimumVisualStudioVersion = 10.0.40219.1
Project("{8BC9CEB8-8B4A-11D0-8D11-00A0C91BC942}") = "2.32", "2.32\2.32.vcxproj", "{4BFB8D76-D7AD-44FC-815C-6B4C52A64784}"
EndProject
Global
	GlobalSection(SolutionConfigurationPlatforms) = preSolution
		Debug|x64 = Debug|x64
		Debug|x86 = Debug|x86
		Release|x64 = Release|x64
		Release|x86 = Release|x86
	EndGlobalSection
	GlobalSection(ProjectConfigurationPlatforms) = postSolution
		{4BFB8D76-D7AD-44FC-815C-6B4C52A64784}.Debug|x64.ActiveCfg = Debug|x64
		{4BFB8D76-D7AD-44FC-815C-6B4C52A64784}.Debug|x64.Build.0 = Debug|x64
		{4BFB8D76-D7AD-44FC-815C-6B4C52A64784}.Debug|x86.ActiveCfg = Debug|Win32
		{4BFB8D76-D7AD-44FC-815C-6B4C52A64784}.Debug|x86.Build.0 = Debug|Win32
		{4BFB8D76-D7AD-44FC-815C-6B4C52A64784}.Release|x64.ActiveCfg = Release|x64
		{4BFB8D76-D7AD-44FC-815C-6B4C52A64784}.Release|x64.Build.0 = Release|x64
		{4BFB8D76-D7AD-44FC-815C-6B4C52A64784}.Release|x86.ActiveCfg = Release|Win32
		{4BFB8D76-D7AD-44FC-815C-6B4C52A64784}.Release|x86.Build.0 = Release|Win32
	EndGlobalSection
	GlobalSection(SolutionProperties) = preSolution
		HideSolutionNode = FALSE
	EndGlobalSection
	GlobalSection(ExtensibilityGlobals) = postSolution
		SolutionGuid = {4A4ED04C-E1DE-43B3-A939-A181C91BF69E}
	EndGlobalSection
EndGlobal
